{
  "version": "5",
  "redirects": {
    "https://esm.sh/@supabase/node-fetch@^2.6.13?target=denonext": "https://esm.sh/@supabase/node-fetch@2.6.15?target=denonext",
    "https://esm.sh/@supabase/node-fetch@^2.6.14?target=denonext": "https://esm.sh/@supabase/node-fetch@2.6.15?target=denonext",
    "https://esm.sh/@supabase/storage-js@^2.10.4?target=denonext": "https://esm.sh/@supabase/storage-js@2.97.0?target=denonext",
    "https://esm.sh/iceberg-js@^0.8.1?target=denonext": "https://esm.sh/iceberg-js@0.8.1?target=denonext",
    "https://esm.sh/tr46@~0.0.3?target=denonext": "https://esm.sh/tr46@0.0.3?target=denonext",
    "https://esm.sh/webidl-conversions@^3.0.0?target=denonext": "https://esm.sh/webidl-conversions@3.0.1?target=denonext",
    "https://esm.sh/whatwg-url@^5.0.0?target=denonext": "https://esm.sh/whatwg-url@5.0.0?target=denonext"
  },
  "remote": {
    "https://esm.sh/@anthropic-ai/sdk@0.36.3": "63f8aeccb2c3f867d989e6133858f9a0a252e0c13d89480af1402cc1d049c669",
    "https://esm.sh/@anthropic-ai/sdk@0.36.3/denonext/_shims/MultipartBody.mjs": "2ddda4c18560ef51fb0d8b45b955d3978f9ab194896eb374d6501ca2fa42240e",
    "https://esm.sh/@anthropic-ai/sdk@0.36.3/denonext/_shims/auto/runtime.mjs": "8b6a15efbec632d7e3d1bf768afe0f3bfd1285411b6e66586c8b24d96a067a6c",
    "https://esm.sh/@anthropic-ai/sdk@0.36.3/denonext/_shims/index.mjs": "3c3a85178f84acbccab0096690f8635385640f652a8f751a30a07d9333f59a36",
    "https://esm.sh/@anthropic-ai/sdk@0.36.3/denonext/_shims/registry.mjs": "102cd35d4bd5792fa9f4ea1db92b9cedd6a57e0cf12fc4264a2282ea860fa882",
    "https://esm.sh/@anthropic-ai/sdk@0.36.3/denonext/_shims/web-runtime.mjs": "b1df197e9958c2bd82920d69af1179111db4621046224ae4c3e9d717c57d81f6",
    "https://esm.sh/@anthropic-ai/sdk@0.36.3/denonext/_vendor/partial-json-parser/parser.mjs": "2f03781c831848a15e8abc3194e94b0d80a66f991917d287380dc35badd19ce8",
    "https://esm.sh/@anthropic-ai/sdk@0.36.3/denonext/core.mjs": "5f52a5e4bddb3cd339d2780c53f23e76e6d36603fbf8ca6e6b6b4055a99980fb",
    "https://esm.sh/@anthropic-ai/sdk@0.36.3/denonext/error.mjs": "2dd65f871a1e4484e8e59bb16b1a4cbccbe354b672d2909dab0b0cadad04bf7f",
    "https://esm.sh/@anthropic-ai/sdk@0.36.3/denonext/internal/decoders/jsonl.mjs": "a2ba3d485d6c8bfee89ebc08bc561680cd3ecb5d454a6b278af9dab6de732bb7",
    "https://esm.sh/@anthropic-ai/sdk@0.36.3/denonext/internal/decoders/line.mjs": "c282266855e2a82bc6f093dee446c81f8659b827856d9c7f1c0639b9de44b7ef",
    "https://esm.sh/@anthropic-ai/sdk@0.36.3/denonext/internal/stream-utils.mjs": "f9c3c2a88563ec84a9a7897fda6ab622b9280db0155ec6b742dbba41b79a30ae",
    "https://esm.sh/@anthropic-ai/sdk@0.36.3/denonext/lib/BetaMessageStream.mjs": "410430921753c2da0a6badb949318f6227f86892430e4acbc6055e97a31a3c95",
    "https://esm.sh/@anthropic-ai/sdk@0.36.3/denonext/lib/MessageStream.mjs": "0d92fa991019bcb175792404dbada709eaa0920246ad03e70a0bec8ea235ec6e",
    "https://esm.sh/@anthropic-ai/sdk@0.36.3/denonext/pagination.mjs": "cb951a0388eee7d3d1aa639398708d78c8951b7009d096f7ea024d6739cbffc4",
    "https://esm.sh/@anthropic-ai/sdk@0.36.3/denonext/resource.mjs": "bc220a824047e46ae8a7ea809cc2c98aad657eeb20773b1ea1a985d3a3ec9e4a",
    "https://esm.sh/@anthropic-ai/sdk@0.36.3/denonext/resources/beta/beta.mjs": "e2054abdc2f443b9944a54ca17362a64268cae8fb3eb076c8e7b9b5a1ad2c6fd",
    "https://esm.sh/@anthropic-ai/sdk@0.36.3/denonext/resources/beta/messages/batches.mjs": "7df3911bd5b17a82b7941c8d32c343a04a343cc1267076c60c7a39996be3aa26",
    "https://esm.sh/@anthropic-ai/sdk@0.36.3/denonext/resources/beta/messages/messages.mjs": "481f33072dc4d712746c301e53e6eb9f9b3d007c72f524fe825f98ac7ea8cea4",
    "https://esm.sh/@anthropic-ai/sdk@0.36.3/denonext/resources/beta/models.mjs": "3a6425cd26d4d8dd4f6414572d93655a319767f42140c47a1efe9f36356e5d96",
    "https://esm.sh/@anthropic-ai/sdk@0.36.3/denonext/resources/completions.mjs": "04f9b8319f52754f63d9ea7c4508e4f92ae294abbb37fb6b0afd4b684a0e4dda",
    "https://esm.sh/@anthropic-ai/sdk@0.36.3/denonext/resources/index.mjs": "828bc7720e00b8042fc20fb6d37dc26d3d7d26f3e0ffdfc25e3e9e125ada9475",
    "https://esm.sh/@anthropic-ai/sdk@0.36.3/denonext/resources/messages/batches.mjs": "68628ba6ee4bee6bd9e12e5eefadf5d49f09aa5616c53c2abafededa1854cfc8",
    "https://esm.sh/@anthropic-ai/sdk@0.36.3/denonext/resources/messages/messages.mjs": "7a1d126f67870461586a5064ed266049c71b77a5d2331686be9f70432d238442",
    "https://esm.sh/@anthropic-ai/sdk@0.36.3/denonext/resources/models.mjs": "060e2798c77d6be19ed1a33deab5fe043989ba7ee32b0947820cabbd590785b9",
    "https://esm.sh/@anthropic-ai/sdk@0.36.3/denonext/resources/shared.mjs": "ea70fbbf52dc81958a0576b23e52f5f9e3f56a7c7e891e250b3f43cd3ab3b279",
    "https://esm.sh/@anthropic-ai/sdk@0.36.3/denonext/sdk.mjs": "1401255bae5b47ee9387cfdb3151a16777809c6b2db0167eb49596dae0203878",
    "https://esm.sh/@anthropic-ai/sdk@0.36.3/denonext/streaming.mjs": "d3df3d855f87ed25d7c3ee4584d37c0bc5d945ed2f34008ef0ff8caf023b511b",
    "https://esm.sh/@anthropic-ai/sdk@0.36.3/denonext/uploads.mjs": "b3b8dc0dcb06030ab46ef40116149fc34150c668c89f5838b304cb7ff7b55666",
    "https://esm.sh/@anthropic-ai/sdk@0.36.3/denonext/version.mjs": "104b8f5662f7da709509d955811b7be8804719b6def7b1ce2206362429197f7d",
    "https://esm.sh/@modelcontextprotocol/sdk@1.26.0/client/index.js?deps=zod@3": "8fd59e6f047b338253d815084d0b0d0f6ca4a3f0d53e6acbf9164fa05675e982",
    "https://esm.sh/@modelcontextprotocol/sdk@1.26.0/client/streamableHttp.js?deps=zod@3": "504dcfaa102c42837a9b64e50ec256e3457e21e92a323bf2915aa83dac4c16e8",
    "https://esm.sh/@modelcontextprotocol/sdk@1.26.0/server/mcp.js": "349d873e441131e4c389586860b47187fe27a855b79a835329ce4723017b5945",
    "https://esm.sh/@modelcontextprotocol/sdk@1.26.0/server/mcp.js?deps=zod@3": "4d92a38315abac6f3e4d91aeb696f6e29159c982c30c6732ac24e5205029ab8e",
    "https://esm.sh/@modelcontextprotocol/sdk@1.26.0/server/webStandardStreamableHttp.js": "f261c38fa454997297a849ce4cc6abfea083c0e28cdffc2b1ceb0d3761877675",
    "https://esm.sh/@modelcontextprotocol/sdk@1.26.0/server/webStandardStreamableHttp.js?deps=zod@3": "93f8858190225d51d27796cd86d669d3906ac18c46e1df0502e861c2cc787124",
    "https://esm.sh/@supabase/auth-js@2.71.1/denonext/auth-js.mjs": "a92d005e4a8a03063aa2c46d7d69161fa776ce1bacccc43daa70e28fe367068e",
    "https://esm.sh/@supabase/functions-js@2.4.5/denonext/functions-js.mjs": "acfcb4db90c292c335a9dbb5664485f5e0b680533d68e6942abb9387ec7e0d0b",
    "https://esm.sh/@supabase/node-fetch@2.6.15/denonext/node-fetch.mjs": "0bae9052231f4f6dbccc7234d05ea96923dbf967be12f402764580b6bf9f713d",
    "https://esm.sh/@supabase/node-fetch@2.6.15?target=denonext": "4d28c4ad97328403184353f68434f2b6973971507919e9150297413664919cf3",
    "https://esm.sh/@supabase/postgrest-js@1.19.4/denonext/postgrest-js.mjs": "2073b5552ba10c7a8302bffffae771e3aede1daf833382355dae239fb0ab2576",
    "https://esm.sh/@supabase/realtime-js@2.15.1/denonext/realtime-js.mjs": "033f45129ddb4159f701e82afa3b3ddd1366018017e8779be9a3293c9b8aec12",
    "https://esm.sh/@supabase/storage-js@2.97.0/denonext/storage-js.mjs": "aed9af8fb795068fb6fb945f76bfe40a4dce0a84e22b60f333ee029b62c91f22",
    "https://esm.sh/@supabase/storage-js@2.97.0?target=denonext": "40761f5969795d9628f8a16712c50446018f6fb438512313d5be87b0c1874eb6",
    "https://esm.sh/@supabase/supabase-js@2.55.0": "c91e56ab271414ea191edd3fc9da73863bdde4fb95c0e9465faddd5db3c6a026",
    "https://esm.sh/@supabase/supabase-js@2.55.0/denonext/supabase-js.mjs": "fe2c58ecea5a5f249d1bb72d2564674332a5d11a84f21064a75eaf70234cf89b",
    "https://esm.sh/iceberg-js@0.8.1/denonext/iceberg-js.mjs": "d839d81a2e3966500ca2cdd0c1cb458e9608bacfc91f7bb67a69b2e878dcdb4f",
    "https://esm.sh/iceberg-js@0.8.1?target=denonext": "58c849d7fe2bf4eca4a84eb501e83c161a7d8c34ca1bec15a962b3bec3062633",
    "https://esm.sh/openai@4.78.1": "3d5d564213263d602b0f3ccbd25c8261ee5864c50685ead974a949cb68d8decd",
    "https://esm.sh/openai@4.78.1/denonext/_shims/MultipartBody.mjs": "01541580740aeab40f061db9f6a3a3cc07a86c2770e801537dd23dc9448cd026",
    "https://esm.sh/openai@4.78.1/denonext/_shims/auto/runtime.mjs": "b46053fbc50dbf4e1f34addd8786e5969e0e08ec7b8076db69628731c6ea2ced",
    "https://esm.sh/openai@4.78.1/denonext/_shims/index.mjs": "cdefbfada6324d135491eb81b90064184b828195312442368de557f069266132",
    "https://esm.sh/openai@4.78.1/denonext/_shims/registry.mjs": "cdd03141ef6c4e00e98c4d6dcdc5967dad35c5f9460042ef77eec14c04fb8968",
    "https://esm.sh/openai@4.78.1/denonext/_shims/web-runtime.mjs": "d7101f6b99708d5f7c96591782e08fbda9942f3daba9bfefc029a58e0c776bc0",
    "https://esm.sh/openai@4.78.1/denonext/_vendor/partial-json-parser/parser.mjs": "29cadb65f7dc36e2820dd17a21c974989e6002ce16eacd5ff542fede49d92078",
    "https://esm.sh/openai@4.78.1/denonext/core.mjs": "3b38c5a91ba904340cba2604bfb1da246529b8c0476fcc1101edff50e93fed5f",
    "https://esm.sh/openai@4.78.1/denonext/error.mjs": "e723c983a9196ef0c2492689d62854227bac648aa5dddba1747f7ebadbbe0721",
    "https://esm.sh/openai@4.78.1/denonext/internal/decoders/line.mjs": "6b331f914dd31c3b6220666ddd593f17d48b7033517d10fe83786a11d3ef96de",
    "https://esm.sh/openai@4.78.1/denonext/internal/qs/formats.mjs": "e810e089518de8c4dbbb41f7e1e99b4aadd796c779aa9d700662d5ffc084ceb7",
    "https://esm.sh/openai@4.78.1/denonext/internal/qs/index.mjs": "d129fe0d9703d6244ba77e13a99a94c20d90b89518608e60aada64df1092ceb0",
    "https://esm.sh/openai@4.78.1/denonext/internal/qs/stringify.mjs": "3e8bc2ffd363452cacf587102841c5f915301b0fbac1365dd1925e7ef6af48eb",
    "https://esm.sh/openai@4.78.1/denonext/internal/qs/utils.mjs": "e1a26b95fabf7978720f19c6f28af64325ecc1ad7883cbdece4fe80a8e3364a3",
    "https://esm.sh/openai@4.78.1/denonext/lib/AbstractChatCompletionRunner.mjs": "afd7591876073ad1b769d61ed89003f87259132c8ded6176177eec153be4ad79",
    "https://esm.sh/openai@4.78.1/denonext/lib/AssistantStream.mjs": "c0440c2ebc10c69663d6f95e08d9b1b51aba2eef94d361f619a5d32600ee41bc",
    "https://esm.sh/openai@4.78.1/denonext/lib/ChatCompletionRunner.mjs": "6a73313596bb3c52cab70dac3994a5186d9cd6724e24be6df7c062fe9e422262",
    "https://esm.sh/openai@4.78.1/denonext/lib/ChatCompletionStream.mjs": "84e988f20ae801f46454dd8b669d0e9319752bde1cc62c3018cfd0863844c839",
    "https://esm.sh/openai@4.78.1/denonext/lib/ChatCompletionStreamingRunner.mjs": "e9457aebe3a10a894037fe7a438c7fd9dc68c61ec3a9d79b0b5171da4404a604",
    "https://esm.sh/openai@4.78.1/denonext/lib/EventStream.mjs": "01eb678c5c66379ca08ea19d692b63dddc19cd847b08feff0093670d64829000",
    "https://esm.sh/openai@4.78.1/denonext/lib/RunnableFunction.mjs": "50988905149b2b2337441621f31f62306edb221622f3080413b90aecf72bd3cc",
    "https://esm.sh/openai@4.78.1/denonext/lib/Util.mjs": "3871de70668732e5faf55205827846347165ca73303e9cf27f1774de5086c53f",
    "https://esm.sh/openai@4.78.1/denonext/lib/chatCompletionUtils.mjs": "a6490b57a783684f405f86c8e4ccdeb9d6fe12b69a4df313a35a4f935f9728f6",
    "https://esm.sh/openai@4.78.1/denonext/lib/parser.mjs": "05ae189e7543f1adf6b46e6d8d28c135dc26509c4090e5af9218783bd73d1ad8",
    "https://esm.sh/openai@4.78.1/denonext/openai.mjs": "ff58f8b042ce667f87d607c84482f474fa62e60bb385ff86d4e5918a5f1faa33",
    "https://esm.sh/openai@4.78.1/denonext/pagination.mjs": "45a9cf73c5b1d95e1a0b07b8ca75213b6d368aa4e4b252439f4b39149cb8eed9",
    "https://esm.sh/openai@4.78.1/denonext/resource.mjs": "a285d8ff86bc80b1b402c85e93de51cd421d137b01efd5fcc9970d5021fe685f",
    "https://esm.sh/openai@4.78.1/denonext/resources/audio/audio.mjs": "fccaeda2b16c049f7684dd8a8c3aaa667cbd076ecd669268f4f80e0effc932c0",
    "https://esm.sh/openai@4.78.1/denonext/resources/audio/speech.mjs": "b9ff0286ca29a67da0000f06f51ea44ebd128a5dfa2ae6a5ee6efd3113565c7a",
    "https://esm.sh/openai@4.78.1/denonext/resources/audio/transcriptions.mjs": "5eece23e0afa4aa778c789c0441bc75642eab9042f65cf9c66f52f155d8d4091",
    "https://esm.sh/openai@4.78.1/denonext/resources/audio/translations.mjs": "44e4f545e677550c0b9d54635e59aaf0a0877bf8d9d00342249addfa6cf1d39a",
    "https://esm.sh/openai@4.78.1/denonext/resources/batches.mjs": "28fc1d99464d77d8079a65a36e4040f6baa418e001d92370ca0725b1ac407369",
    "https://esm.sh/openai@4.78.1/denonext/resources/beta/assistants.mjs": "4d33623148b6db121b1f240dedf745c6e33fb4f6045a69b044ac610e51d1f00c",
    "https://esm.sh/openai@4.78.1/denonext/resources/beta/beta.mjs": "2680a5a74fe3b0b886410c8467986bad803378b003de073ef38cf76d0859b550",
    "https://esm.sh/openai@4.78.1/denonext/resources/beta/chat/chat.mjs": "c0a4415f1c6e8efa33e774505eaddb4350528a649d72909c4e99ccbf6e491ea7",
    "https://esm.sh/openai@4.78.1/denonext/resources/beta/chat/completions.mjs": "c693b81684439b5e922085ca0b6588004e458e50c213d452a276d172ba732907",
    "https://esm.sh/openai@4.78.1/denonext/resources/beta/realtime/realtime.mjs": "19e26207cf0e55b4453571f02183e8945dc77f8cdadbeaed7afb3911a63d1161",
    "https://esm.sh/openai@4.78.1/denonext/resources/beta/realtime/sessions.mjs": "6e23d0eeedbe5d98d09ad6fbc6c49be793a233bc1ef275f2e71b138a931017f0",
    "https://esm.sh/openai@4.78.1/denonext/resources/beta/threads/messages.mjs": "68feaee5ca105b47759c7d92497bfcae3979afb3e14fecac6b1340534aad9948",
    "https://esm.sh/openai@4.78.1/denonext/resources/beta/threads/runs/runs.mjs": "1e0e3df3b9b8b8f294225c2e26440f7f74f1b6e24b65a61b2b062e5ab2ad41a1",
    "https://esm.sh/openai@4.78.1/denonext/resources/beta/threads/runs/steps.mjs": "8cb2e94c70fdaa8c871edd5368373067bd402a9d6b1703a7a1ace44e30d96dcf",
    "https://esm.sh/openai@4.78.1/denonext/resources/beta/threads/threads.mjs": "64a7608cddb7f4fb6385bc745160e8b8b274ef0c48311d322ad6d094de707264",
    "https://esm.sh/openai@4.78.1/denonext/resources/beta/vector-stores/file-batches.mjs": "f793b49e5032c755f865b9ad5c859f40f82ad7854612e6f22eaedec69371763f",
    "https://esm.sh/openai@4.78.1/denonext/resources/beta/vector-stores/files.mjs": "b19a735238d7684069ca622a4b821d18da75f999f4e551602217e3c4c0ff89e8",
    "https://esm.sh/openai@4.78.1/denonext/resources/beta/vector-stores/vector-stores.mjs": "f15561744af19fd71690ada74afc4932454440da7d5f781a72e4d3ff4ae6bb9e",
    "https://esm.sh/openai@4.78.1/denonext/resources/chat/chat.mjs": "10fe0ed3ac2be4cb564136f64055302d41a09691a02649615acff520bdd7aac5",
    "https://esm.sh/openai@4.78.1/denonext/resources/chat/completions.mjs": "5f8855519c9567a997b921ec9dc3fb2079582a1ad628e0195f689f1d6c5cf43e",
    "https://esm.sh/openai@4.78.1/denonext/resources/chat/index.mjs": "854612bdd8b110111c3e5632fd8210fa190ec6f665466e64afd03c58333e3391",
    "https://esm.sh/openai@4.78.1/denonext/resources/completions.mjs": "e9d6be47eb3d026abef83c3c0e86edc6d74e7af5851dcdcd658783fd689a7475",
    "https://esm.sh/openai@4.78.1/denonext/resources/embeddings.mjs": "979769fddbf2f9584197e47634d1dfc81c325c427116e325c5422f665d7368aa",
    "https://esm.sh/openai@4.78.1/denonext/resources/files.mjs": "82f7fee66ad2125836870c69d7f110e042d1c99c5adfcd4f16f46b833eb6f4be",
    "https://esm.sh/openai@4.78.1/denonext/resources/fine-tuning/fine-tuning.mjs": "458c8e0c42fff600548aa6f38ac3e963eeaf96224ec42484ee550a62c8adf677",
    "https://esm.sh/openai@4.78.1/denonext/resources/fine-tuning/jobs/checkpoints.mjs": "063a51c114daa61fd1b3e14175486b728b3ae0f512d49c773031c87615ddf26d",
    "https://esm.sh/openai@4.78.1/denonext/resources/fine-tuning/jobs/jobs.mjs": "cd6ecb273cb6394697604ae25c168a62f8acb5771d940d342bb6f1d7ae19489f",
    "https://esm.sh/openai@4.78.1/denonext/resources/images.mjs": "afd9ed93dff225e5fbcf3d1f6bb589761b9d836e3c50fab2447e984a019fe4c7",
    "https://esm.sh/openai@4.78.1/denonext/resources/index.mjs": "be34a08eeefae985b0db5486b54b693a70f1740130401b0618a949634198627e",
    "https://esm.sh/openai@4.78.1/denonext/resources/models.mjs": "816b99848b758ec4e34f9a32ac0a83fffaa3abc358d07b0401d7dee5a2b1a94a",
    "https://esm.sh/openai@4.78.1/denonext/resources/moderations.mjs": "2e4b14d7fb3b9c765eda1351c2b8402fe7a3ff81646a57100ce49f262a458f6c",
    "https://esm.sh/openai@4.78.1/denonext/resources/shared.mjs": "d93df4efa5e51df898239b49cfb79c12da6cf0130b9e0acaeeaaffe508c7fa50",
    "https://esm.sh/openai@4.78.1/denonext/resources/uploads/parts.mjs": "af17893fe67ddc66578fc26217991fd35a4e792962d7609ccdb2e01db5aa3f2f",
    "https://esm.sh/openai@4.78.1/denonext/resources/uploads/uploads.mjs": "5bfc3103e46b50caba4402f63937e62473ae0adbb1b2114a2b5476d48f8e88a6",
    "https://esm.sh/openai@4.78.1/denonext/streaming.mjs": "5610e04acc30ca70002b26c2c24c7967f11db6101b5094d47c477691ddb75972",
    "https://esm.sh/openai@4.78.1/denonext/uploads.mjs": "79af5fc43e23e14cc2628b14b4ae435c6330a53dcfb0b14a23e508178ce71e68",
    "https://esm.sh/openai@4.78.1/denonext/version.mjs": "5557616460509a4c7c715007d8f52004119ef055ef1070c7f9c0c9612672602f",
    "https://esm.sh/tr46@0.0.3/denonext/tr46.mjs": "5753ec0a99414f4055f0c1f97691100f13d88e48a8443b00aebb90a512785fa2",
    "https://esm.sh/tr46@0.0.3?target=denonext": "19cb9be0f0d418a0c3abb81f2df31f080e9540a04e43b0f699bce1149cba0cbb",
    "https://esm.sh/webidl-conversions@3.0.1/denonext/webidl-conversions.mjs": "238cd0743827707cbc1c2d7c2cf1027dbc536fb53ec9a3fde0ff8026a3ac5385",
    "https://esm.sh/webidl-conversions@3.0.1?target=denonext": "4e20318d50528084616c79d7b3f6e7f0fe7b6d09013bd01b3974d7448d767e29",
    "https://esm.sh/whatwg-url@5.0.0/denonext/whatwg-url.mjs": "29b16d74ee72624c915745bbd25b617cfd2248c6af0f5120d131e232a9a9af79",
    "https://esm.sh/whatwg-url@5.0.0?target=denonext": "f001a2cadf81312d214ca330033f474e74d81a003e21e8c5d70a1f46dc97b02d"
  },
  "workspace": {
    "packageJson": {
      "dependencies": [
        "npm:@babel/core@^7.28.0",
        "npm:@commitlint/cli@^19.8.1",
        "npm:@commitlint/config-conventional@^19.8.1",
        "npm:@hookform/resolvers@^5.2.1",
        "npm:@invertase/react-native-apple-authentication@^2.4.1",
        "npm:@lingui/babel-plugin-lingui-macro@^5.4.1",
        "npm:@lingui/cli@^5.4.1",
        "npm:@lingui/conf@^5.4.1",
        "npm:@lingui/core@^5.4.1",
        "npm:@lingui/react@^5.4.1",
        "npm:@phenomnomnominal/tsquery@^6.1.3",
        "npm:@react-native-async-storage/async-storage@^2.2.0",
        "npm:@react-native-community/datetimepicker@8.4.4",
        "npm:@react-native-community/hooks@^100.1.0",
        "npm:@react-native-community/netinfo@^11.4.1",
        "npm:@react-native-firebase/analytics@23.4.0",
        "npm:@react-native-firebase/app@23.4.0",
        "npm:@react-native-firebase/messaging@23.4.0",
        "npm:@react-native-google-signin/google-signin@15",
        "npm:@sentry/react-native@7.1",
        "npm:@supabase/supabase-js@^2.55.0",
        "npm:@tamagui/babel-plugin@1.135.0",
        "npm:@tamagui/config@1.35.0",
        "npm:@tamagui/linear-gradient@1.135.0",
        "npm:@tanstack/react-query@^5.83.0",
        "npm:@types/aes-js@3",
        "npm:@types/inflected@2",
        "npm:@types/react-dom@~19.1.7",
        "npm:@types/react-native-get-random-values@1",
        "npm:@types/react@~19.1.10",
        "npm:@types/uuid@10",
        "npm:aes-js@^3.1.2",
        "npm:axios@^1.11.0",
        "npm:babel-plugin-inline-import@3",
        "npm:babel-preset-expo@54.0",
        "npm:baseline-browser-mapping@^2.9.19",
        "npm:burnt@0.13",
        "npm:date-fns@^4.1.0",
        "npm:eslint-config-expo@10.0",
        "npm:eslint-config-prettier@^10.1.8",
        "npm:eslint-plugin-prettier@^5.5.3",
        "npm:eslint@9",
        "npm:expo-auth-session@~7.0.8",
        "npm:expo-build-properties@~1.0.9",
        "npm:expo-dev-client@~6.0.13",
        "npm:expo-device@~8.0.9",
        "npm:expo-font@~14.0.8",
        "npm:expo-glass-effect@~0.1.4",
        "npm:expo-image-picker@~17.0.8",
        "npm:expo-image@~3.0.9",
        "npm:expo-linear-gradient@~15.0.7",
        "npm:expo-linking@~8.0.8",
        "npm:expo-localization@~17.0.7",
        "npm:expo-notifications@~0.32.12",
        "npm:expo-router@~6.0.15",
        "npm:expo-secure-store@~15.0.7",
        "npm:expo-splash-screen@~31.0.10",
        "npm:expo-status-bar@~3.0.8",
        "npm:expo@54.0.12",
        "npm:husky@^9.1.7",
        "npm:inflected@^2.1.0",
        "npm:orval@^7.11.2",
        "npm:prettier@^3.6.2",
        "npm:react-dom@19.1.0",
        "npm:react-hook-form@^7.61.1",
        "npm:react-native-fs@^2.20.0",
        "npm:react-native-gesture-handler@2.28",
        "npm:react-native-get-random-values@^1.11.0",
        "npm:react-native-keyboard-aware-scroll-view@~0.9.5",
        "npm:react-native-mmkv@^3.3.0",
        "npm:react-native-reanimated@~4.1.1",
        "npm:react-native-safe-area-context@5.6",
        "npm:react-native-screens@4.16",
        "npm:react-native-svg-transformer@^1.5.1",
        "npm:react-native-svg@15.12.1",
        "npm:react-native-url-polyfill@2",
        "npm:react-native-vision-camera@^4.7.2",
        "npm:react-native-worklets@0.5.1",
        "npm:react-native@0.81.4",
        "npm:react@19.1.0",
        "npm:rive-react-native@9.6.1",
        "npm:supabase@2.39.2",
        "npm:tamagui@1.135.0",
        "npm:typescript@~5.9.2",
        "npm:zustand@^5.0.6"
      ]
    }
  }
}
